
Microsoft Visual Studio Solution File, Format Version 12.00
# Visual Studio Version 17
VisualStudioVersion = 17.5.33516.290
MinimumVisualStudioVersion = 10.0.40219.1
Project("{FAE04EC0-301F-11D3-BF4B-00C04F79EFBC}") = "AgriShop", "AgriShop.csproj", "{8BA9C8B2-50ED-4F69-B64A-A5E5B262CFFE}"
EndProject
Global
	GlobalSection(SolutionConfigurationPlatforms) = preSolution
		Debug|Any CPU = Debug|Any CPU
		Release|Any CPU = Release|Any CPU
	EndGlobalSection
	GlobalSection(ProjectConfigurationPlatforms) = postSolution
		{8BA9C8B2-50ED-4F69-B64A-A5E5B262CFFE}.Debug|Any CPU.ActiveCfg = Debug|Any CPU
		{8BA9C8B2-50ED-4F69-B64A-A5E5B262CFFE}.Debug|Any CPU.Build.0 = Debug|Any CPU
		{8BA9C8B2-50ED-4F69-B64A-A5E5B262CFFE}.Release|Any CPU.ActiveCfg = Release|Any CPU
		{8BA9C8B2-50ED-4F69-B64A-A5E5B262CFFE}.Release|Any CPU.Build.0 = Release|Any CPU
	EndGlobalSection
	GlobalSection(SolutionProperties) = preSolution
		HideSolutionNode = FALSE
	EndGlobalSection
	GlobalSection(ExtensibilityGlobals) = postSolution
		SolutionGuid = {0C1B30D7-6C60-4D9A-A192-A430360A581E}
	EndGlobalSection
EndGlobal
